
Microsoft Visual Studio Solution File, Format Version 12.00
Project("{FAE04EC0-301F-11D3-BF4B-00C04F79EFBC}") = "Mensa-Marburg", "Mensa-Marburg\Mensa-Marburg.csproj", "{13AB49B4-ACBD-4177-96BD-CA399AB5C1A3}"
EndProject
Global
	GlobalSection(SolutionConfigurationPlatforms) = preSolution
		Debug|Any CPU = Debug|Any CPU
		Release|Any CPU = Release|Any CPU
	EndGlobalSection
	GlobalSection(ProjectConfigurationPlatforms) = postSolution
		{13AB49B4-ACBD-4177-96BD-CA399AB5C1A3}.Debug|Any CPU.ActiveCfg = Debug|Any CPU
		{13AB49B4-ACBD-4177-96BD-CA399AB5C1A3}.Debug|Any CPU.Build.0 = Debug|Any CPU
		{13AB49B4-ACBD-4177-96BD-CA399AB5C1A3}.Release|Any CPU.ActiveCfg = Release|Any CPU
		{13AB49B4-ACBD-4177-96BD-CA399AB5C1A3}.Release|Any CPU.Build.0 = Release|Any CPU
	EndGlobalSection
EndGlobal
